// !$*UTF8*$!
{
	archiveVersion = 1;
	classes = {
	};
	objectVersion = 56;
	objects = {

/* Begin PBXBuildFile section */
		B22CDA0F2C16E2A400496335 /* SettingView.swift in Sources */ = {isa = PBXBuildFile; fileRef = B22CDA0E2C16E2A400496335 /* SettingView.swift */; };
		B22CDA112C16E40300496335 /* CustomCircleView.swift in Sources */ = {isa = PBXBuildFile; fileRef = B22CDA102C16E40300496335 /* CustomCircleView.swift */; };
		B22CDA132C16E4CE00496335 /* MotionAnimationView.swift in Sources */ = {isa = PBXBuildFile; fileRef = B22CDA122C16E4CE00496335 /* MotionAnimationView.swift */; };
		B22DEA172C16F081003E6D6D /* CustomListRowView.swift in Sources */ = {isa = PBXBuildFile; fileRef = B22DEA162C16F081003E6D6D /* CustomListRowView.swift */; };
		B22DEA192C16F1A5003E6D6D /* LabelContent.swift in Sources */ = {isa = PBXBuildFile; fileRef = B22DEA182C16F1A5003E6D6D /* LabelContent.swift */; };
		B22DEA1C2C170475003E6D6D /* GradientBackground.swift in Sources */ = {isa = PBXBuildFile; fileRef = B22DEA1B2C170475003E6D6D /* GradientBackground.swift */; };
		B236D25E2C15E6D600E251EB /* HikeAppApp.swift in Sources */ = {isa = PBXBuildFile; fileRef = B236D25D2C15E6D600E251EB /* HikeAppApp.swift */; };
		B236D2602C15E6D600E251EB /* ContentView.swift in Sources */ = {isa = PBXBuildFile; fileRef = B236D25F2C15E6D600E251EB /* ContentView.swift */; };
		B236D2622C15E6D800E251EB /* Assets.xcassets in Resources */ = {isa = PBXBuildFile; fileRef = B236D2612C15E6D800E251EB /* Assets.xcassets */; };
		B236D2652C15E6D800E251EB /* Preview Assets.xcassets in Resources */ = {isa = PBXBuildFile; fileRef = B236D2642C15E6D800E251EB /* Preview Assets.xcassets */; };
		B236D26D2C16020400E251EB /* CustomBackgroundView.swift in Sources */ = {isa = PBXBuildFile; fileRef = B236D26C2C16020400E251EB /* CustomBackgroundView.swift */; };
		B236D26F2C16021700E251EB /* CardView.swift in Sources */ = {isa = PBXBuildFile; fileRef = B236D26E2C16021700E251EB /* CardView.swift */; };
		B236D2722C1603B800E251EB /* ColorExtension.swift in Sources */ = {isa = PBXBuildFile; fileRef = B236D2712C1603B800E251EB /* ColorExtension.swift */; };
		B236D2742C1607D700E251EB /* CustomButtonView.swift in Sources */ = {isa = PBXBuildFile; fileRef = B236D2732C1607D700E251EB /* CustomButtonView.swift */; };
/* End PBXBuildFile section */

/* Begin PBXFileReference section */
		B22CDA0E2C16E2A400496335 /* SettingView.swift */ = {isa = PBXFileReference; lastKnownFileType = sourcecode.swift; path = SettingView.swift; sourceTree = "<group>"; };
		B22CDA102C16E40300496335 /* CustomCircleView.swift */ = {isa = PBXFileReference; lastKnownFileType = sourcecode.swift; path = CustomCircleView.swift; sourceTree = "<group>"; };
		B22CDA122C16E4CE00496335 /* MotionAnimationView.swift */ = {isa = PBXFileReference; lastKnownFileType = sourcecode.swift; path = MotionAnimationView.swift; sourceTree = "<group>"; };
		B22DEA162C16F081003E6D6D /* CustomListRowView.swift */ = {isa = PBXFileReference; lastKnownFileType = sourcecode.swift; path = CustomListRowView.swift; sourceTree = "<group>"; };
		B22DEA182C16F1A5003E6D6D /* LabelContent.swift */ = {isa = PBXFileReference; lastKnownFileType = sourcecode.swift; path = LabelContent.swift; sourceTree = "<group>"; };
		B22DEA1B2C170475003E6D6D /* GradientBackground.swift */ = {isa = PBXFileReference; lastKnownFileType = sourcecode.swift; path = GradientBackground.swift; sourceTree = "<group>"; };
		B236D25A2C15E6D600E251EB /* HikeApp.app */ = {isa = PBXFileReference; explicitFileType = wrapper.application; includeInIndex = 0; path = HikeApp.app; sourceTree = BUILT_PRODUCTS_DIR; };
		B236D25D2C15E6D600E251EB /* HikeAppApp.swift */ = {isa = PBXFileReference; lastKnownFileType = sourcecode.swift; path = HikeAppApp.swift; sourceTree = "<group>"; };
		B236D25F2C15E6D600E251EB /* ContentView.swift */ = {isa = PBXFileReference; lastKnownFileType = sourcecode.swift; path = ContentView.swift; sourceTree = "<group>"; };
		B236D2612C15E6D800E251EB /* Assets.xcassets */ = {isa = PBXFileReference; lastKnownFileType = folder.assetcatalog; path = Assets.xcassets; sourceTree = "<group>"; };
		B236D2642C15E6D800E251EB /* Preview Assets.xcassets */ = {isa = PBXFileReference; lastKnownFileType = folder.assetcatalog; path = "Preview Assets.xcassets"; sourceTree = "<group>"; };
		B236D26C2C16020400E251EB /* CustomBackgroundView.swift */ = {isa = PBXFileReference; lastKnownFileType = sourcecode.swift; path = CustomBackgroundView.swift; sourceTree = "<group>"; };
		B236D26E2C16021700E251EB /* CardView.swift */ = {isa = PBXFileReference; lastKnownFileType = sourcecode.swift; path = CardView.swift; sourceTree = "<group>"; };
		B236D2712C1603B800E251EB /* ColorExtension.swift */ = {isa = PBXFileReference; lastKnownFileType = sourcecode.swift; path = ColorExtension.swift; sourceTree = "<group>"; };
		B236D2732C1607D700E251EB /* CustomButtonView.swift */ = {isa = PBXFileReference; lastKnownFileType = sourcecode.swift; path = CustomButtonView.swift; sourceTree = "<group>"; };
/* End PBXFileReference section */

/* Begin PBXFrameworksBuildPhase section */
		B236D2572C15E6D600E251EB /* Frameworks */ = {
			isa = PBXFrameworksBuildPhase;
			buildActionMask = 2147483647;
			files = (
			);
			runOnlyForDeploymentPostprocessing = 0;
		};
/* End PBXFrameworksBuildPhase section */

/* Begin PBXGroup section */
		B22DEA1A2C1702CE003E6D6D /* Screen */ = {
			isa = PBXGroup;
			children = (
				B22CDA0E2C16E2A400496335 /* SettingView.swift */,
				B236D26E2C16021700E251EB /* CardView.swift */,
			);
			path = Screen;
			sourceTree = "<group>";
		};
		B236D2512C15E6D600E251EB = {
			isa = PBXGroup;
			children = (
				B236D25C2C15E6D600E251EB /* HikeApp */,
				B236D25B2C15E6D600E251EB /* Products */,
			);
			sourceTree = "<group>";
		};
		B236D25B2C15E6D600E251EB /* Products */ = {
			isa = PBXGroup;
			children = (
				B236D25A2C15E6D600E251EB /* HikeApp.app */,
			);
			name = Products;
			sourceTree = "<group>";
		};
		B236D25C2C15E6D600E251EB /* HikeApp */ = {
			isa = PBXGroup;
			children = (
				B22DEA1A2C1702CE003E6D6D /* Screen */,
				B236D2702C1603A700E251EB /* Utilities */,
				B236D26B2C1601E700E251EB /* Component */,
				B236D25D2C15E6D600E251EB /* HikeAppApp.swift */,
				B236D25F2C15E6D600E251EB /* ContentView.swift */,
				B236D2612C15E6D800E251EB /* Assets.xcassets */,
				B236D2632C15E6D800E251EB /* Preview Content */,
			);
			path = HikeApp;
			sourceTree = "<group>";
		};
		B236D2632C15E6D800E251EB /* Preview Content */ = {
			isa = PBXGroup;
			children = (
				B236D2642C15E6D800E251EB /* Preview Assets.xcassets */,
			);
			path = "Preview Content";
			sourceTree = "<group>";
		};
		B236D26B2C1601E700E251EB /* Component */ = {
			isa = PBXGroup;
			children = (
				B236D26C2C16020400E251EB /* CustomBackgroundView.swift */,
				B236D2732C1607D700E251EB /* CustomButtonView.swift */,
				B22CDA102C16E40300496335 /* CustomCircleView.swift */,
				B22CDA122C16E4CE00496335 /* MotionAnimationView.swift */,
				B22DEA162C16F081003E6D6D /* CustomListRowView.swift */,
				B22DEA182C16F1A5003E6D6D /* LabelContent.swift */,
			);
			path = Component;
			sourceTree = "<group>";
		};
		B236D2702C1603A700E251EB /* Utilities */ = {
			isa = PBXGroup;
			children = (
				B236D2712C1603B800E251EB /* ColorExtension.swift */,
				B22DEA1B2C170475003E6D6D /* GradientBackground.swift */,
			);
			path = Utilities;
			sourceTree = "<group>";
		};
/* End PBXGroup section */

/* Begin PBXNativeTarget section */
		B236D2592C15E6D600E251EB /* HikeApp */ = {
			isa = PBXNativeTarget;
			buildConfigurationList = B236D2682C15E6D800E251EB /* Build configuration list for PBXNativeTarget "HikeApp" */;
			buildPhases = (
				B236D2562C15E6D600E251EB /* Sources */,
				B236D2572C15E6D600E251EB /* Frameworks */,
				B236D2582C15E6D600E251EB /* Resources */,
			);
			buildRules = (
			);
			dependencies = (
			);
			name = HikeApp;
			productName = HikeApp;
			productReference = B236D25A2C15E6D600E251EB /* HikeApp.app */;
			productType = "com.apple.product-type.application";
		};
/* End PBXNativeTarget section */

/* Begin PBXProject section */
		B236D2522C15E6D600E251EB /* Project object */ = {
			isa = PBXProject;
			attributes = {
				BuildIndependentTargetsInParallel = 1;
				LastSwiftUpdateCheck = 1500;
				LastUpgradeCheck = 1500;
				TargetAttributes = {
					B236D2592C15E6D600E251EB = {
						CreatedOnToolsVersion = 15.0;
					};
				};
			};
			buildConfigurationList = B236D2552C15E6D600E251EB /* Build configuration list for PBXProject "HikeApp" */;
			compatibilityVersion = "Xcode 14.0";
			developmentRegion = en;
			hasScannedForEncodings = 0;
			knownRegions = (
				en,
				Base,
			);
			mainGroup = B236D2512C15E6D600E251EB;
			productRefGroup = B236D25B2C15E6D600E251EB /* Products */;
			projectDirPath = "";
			projectRoot = "";
			targets = (
				B236D2592C15E6D600E251EB /* HikeApp */,
			);
		};
/* End PBXProject section */

/* Begin PBXResourcesBuildPhase section */
		B236D2582C15E6D600E251EB /* Resources */ = {
			isa = PBXResourcesBuildPhase;
			buildActionMask = 2147483647;
			files = (
				B236D2652C15E6D800E251EB /* Preview Assets.xcassets in Resources */,
				B236D2622C15E6D800E251EB /* Assets.xcassets in Resources */,
			);
			runOnlyForDeploymentPostprocessing = 0;
		};
/* End PBXResourcesBuildPhase section */

/* Begin PBXSourcesBuildPhase section */
		B236D2562C15E6D600E251EB /* Sources */ = {
			isa = PBXSourcesBuildPhase;
			buildActionMask = 2147483647;
			files = (
				B22CDA0F2C16E2A400496335 /* SettingView.swift in Sources */,
				B22CDA112C16E40300496335 /* CustomCircleView.swift in Sources */,
				B22DEA172C16F081003E6D6D /* CustomListRowView.swift in Sources */,
				B22DEA192C16F1A5003E6D6D /* LabelContent.swift in Sources */,
				B236D26D2C16020400E251EB /* CustomBackgroundView.swift in Sources */,
				B22DEA1C2C170475003E6D6D /* GradientBackground.swift in Sources */,
				B236D2602C15E6D600E251EB /* ContentView.swift in Sources */,
				B236D26F2C16021700E251EB /* CardView.swift in Sources */,
				B236D2742C1607D700E251EB /* CustomButtonView.swift in Sources */,
				B22CDA132C16E4CE00496335 /* MotionAnimationView.swift in Sources */,
				B236D25E2C15E6D600E251EB /* HikeAppApp.swift in Sources */,
				B236D2722C1603B800E251EB /* ColorExtension.swift in Sources */,
			);
			runOnlyForDeploymentPostprocessing = 0;
		};
/* End PBXSourcesBuildPhase section */

/* Begin XCBuildConfiguration section */
		B236D2662C15E6D800E251EB /* Debug */ = {
			isa = XCBuildConfiguration;
			buildSettings = {
				ALWAYS_SEARCH_USER_PATHS = NO;
				ASSETCATALOG_COMPILER_GENERATE_SWIFT_ASSET_SYMBOL_EXTENSIONS = YES;
				CLANG_ANALYZER_NONNULL = YES;
				CLANG_ANALYZER_NUMBER_OBJECT_CONVERSION = YES_AGGRESSIVE;
				CLANG_CXX_LANGUAGE_STANDARD = "gnu++20";
				CLANG_ENABLE_MODULES = YES;
				CLANG_ENABLE_OBJC_ARC = YES;
				CLANG_ENABLE_OBJC_WEAK = YES;
				CLANG_WARN_BLOCK_CAPTURE_AUTORELEASING = YES;
				CLANG_WARN_BOOL_CONVERSION = YES;
				CLANG_WARN_COMMA = YES;
				CLANG_WARN_CONSTANT_CONVERSION = YES;
				CLANG_WARN_DEPRECATED_OBJC_IMPLEMENTATIONS = YES;
				CLANG_WARN_DIRECT_OBJC_ISA_USAGE = YES_ERROR;
				CLANG_WARN_DOCUMENTATION_COMMENTS = YES;
				CLANG_WARN_EMPTY_BODY = YES;
				CLANG_WARN_ENUM_CONVERSION = YES;
				CLANG_WARN_INFINITE_RECURSION = YES;
				CLANG_WARN_INT_CONVERSION = YES;
				CLANG_WARN_NON_LITERAL_NULL_CONVERSION = YES;
				CLANG_WARN_OBJC_IMPLICIT_RETAIN_SELF = YES;
				CLANG_WARN_OBJC_LITERAL_CONVERSION = YES;
				CLANG_WARN_OBJC_ROOT_CLASS = YES_ERROR;
				CLANG_WARN_QUOTED_INCLUDE_IN_FRAMEWORK_HEADER = YES;
				CLANG_WARN_RANGE_LOOP_ANALYSIS = YES;
				CLANG_WARN_STRICT_PROTOTYPES = YES;
				CLANG_WARN_SUSPICIOUS_MOVE = YES;
				CLANG_WARN_UNGUARDED_AVAILABILITY = YES_AGGRESSIVE;
				CLANG_WARN_UNREACHABLE_CODE = YES;
				CLANG_WARN__DUPLICATE_METHOD_MATCH = YES;
				COPY_PHASE_STRIP = NO;
				DEBUG_INFORMATION_FORMAT = dwarf;
				ENABLE_STRICT_OBJC_MSGSEND = YES;
				ENABLE_TESTABILITY = YES;
				ENABLE_USER_SCRIPT_SANDBOXING = YES;
				GCC_C_LANGUAGE_STANDARD = gnu17;
				GCC_DYNAMIC_NO_PIC = NO;
				GCC_NO_COMMON_BLOCKS = YES;
				GCC_OPTIMIZATION_LEVEL = 0;
				GCC_PREPROCESSOR_DEFINITIONS = (
					"DEBUG=1",
					"$(inherited)",
				);
				GCC_WARN_64_TO_32_BIT_CONVERSION = YES;
				GCC_WARN_ABOUT_RETURN_TYPE = YES_ERROR;
				GCC_WARN_UNDECLARED_SELECTOR = YES;
				GCC_WARN_UNINITIALIZED_AUTOS = YES_AGGRESSIVE;
				GCC_WARN_UNUSED_FUNCTION = YES;
				GCC_WARN_UNUSED_VARIABLE = YES;
				IPHONEOS_DEPLOYMENT_TARGET = 15.0;
				LOCALIZATION_PREFERS_STRING_CATALOGS = YES;
				MTL_ENABLE_DEBUG_INFO = INCLUDE_SOURCE;
				MTL_FAST_MATH = YES;
				ONLY_ACTIVE_ARCH = YES;
				SDKROOT = iphoneos;
				SWIFT_ACTIVE_COMPILATION_CONDITIONS = "DEBUG $(inherited)";
				SWIFT_OPTIMIZATION_LEVEL = "-Onone";
			};
			name = Debug;
		};
		B236D2672C15E6D800E251EB /* Release */ = {
			isa = XCBuildConfiguration;
			buildSettings = {
				ALWAYS_SEARCH_USER_PATHS = NO;
				ASSETCATALOG_COMPILER_GENERATE_SWIFT_ASSET_SYMBOL_EXTENSIONS = YES;
				CLANG_ANALYZER_NONNULL = YES;
				CLANG_ANALYZER_NUMBER_OBJECT_CONVERSION = YES_AGGRESSIVE;
				CLANG_CXX_LANGUAGE_STANDARD = "gnu++20";
				CLANG_ENABLE_MODULES = YES;
				CLANG_ENABLE_OBJC_ARC = YES;
				CLANG_ENABLE_OBJC_WEAK = YES;
				CLANG_WARN_BLOCK_CAPTURE_AUTORELEASING = YES;
				CLANG_WARN_BOOL_CONVERSION = YES;
				CLANG_WARN_COMMA = YES;
				CLANG_WARN_CONSTANT_CONVERSION = YES;
				CLANG_WARN_DEPRECATED_OBJC_IMPLEMENTATIONS = YES;
				CLANG_WARN_DIRECT_OBJC_ISA_USAGE = YES_ERROR;
				CLANG_WARN_DOCUMENTATION_COMMENTS = YES;
				CLANG_WARN_EMPTY_BODY = YES;
				CLANG_WARN_ENUM_CONVERSION = YES;
				CLANG_WARN_INFINITE_RECURSION = YES;
				CLANG_WARN_INT_CONVERSION = YES;
				CLANG_WARN_NON_LITERAL_NULL_CONVERSION = YES;
				CLANG_WARN_OBJC_IMPLICIT_RETAIN_SELF = YES;
				CLANG_WARN_OBJC_LITERAL_CONVERSION = YES;
				CLANG_WARN_OBJC_ROOT_CLASS = YES_ERROR;
				CLANG_WARN_QUOTED_INCLUDE_IN_FRAMEWORK_HEADER = YES;
				CLANG_WARN_RANGE_LOOP_ANALYSIS = YES;
				CLANG_WARN_STRICT_PROTOTYPES = YES;
				CLANG_WARN_SUSPICIOUS_MOVE = YES;
				CLANG_WARN_UNGUARDED_AVAILABILITY = YES_AGGRESSIVE;
				CLANG_WARN_UNREACHABLE_CODE = YES;
				CLANG_WARN__DUPLICATE_METHOD_MATCH = YES;
				COPY_PHASE_STRIP = NO;
				DEBUG_INFORMATION_FORMAT = "dwarf-with-dsym";
				ENABLE_NS_ASSERTIONS = NO;
				ENABLE_STRICT_OBJC_MSGSEND = YES;
				ENABLE_USER_SCRIPT_SANDBOXING = YES;
				GCC_C_LANGUAGE_STANDARD = gnu17;
				GCC_NO_COMMON_BLOCKS = YES;
				GCC_WARN_64_TO_32_BIT_CONVERSION = YES;
				GCC_WARN_ABOUT_RETURN_TYPE = YES_ERROR;
				GCC_WARN_UNDECLARED_SELECTOR = YES;
				GCC_WARN_UNINITIALIZED_AUTOS = YES_AGGRESSIVE;
				GCC_WARN_UNUSED_FUNCTION = YES;
				GCC_WARN_UNUSED_VARIABLE = YES;
				IPHONEOS_DEPLOYMENT_TARGET = 15.0;
				LOCALIZATION_PREFERS_STRING_CATALOGS = YES;
				MTL_ENABLE_DEBUG_INFO = NO;
				MTL_FAST_MATH = YES;
				SDKROOT = iphoneos;
				SWIFT_COMPILATION_MODE = wholemodule;
				VALIDATE_PRODUCT = YES;
			};
			name = Release;
		};
		B236D2692C15E6D800E251EB /* Debug */ = {
			isa = XCBuildConfiguration;
			buildSettings = {
				ASSETCATALOG_COMPILER_ALTERNATE_APPICON_NAMES = "AppIcon-Camera AppIcon-Mushroom AppIcon-Map AppIcon-MagnifyingGlass AppIcon-Campfire AppIcon-Backpack";
				ASSETCATALOG_COMPILER_APPICON_NAME = AppIcon;
				ASSETCATALOG_COMPILER_GLOBAL_ACCENT_COLOR_NAME = AccentColor;
				ASSETCATALOG_COMPILER_INCLUDE_ALL_APPICON_ASSETS = YES;
				CODE_SIGN_STYLE = Automatic;
				CURRENT_PROJECT_VERSION = 1;
				DEVELOPMENT_ASSET_PATHS = "\"HikeApp/Preview Content\"";
				DEVELOPMENT_TEAM = 68HHC96FZJ;
				ENABLE_PREVIEWS = YES;
				GENERATE_INFOPLIST_FILE = YES;
				INFOPLIST_KEY_UIApplicationSceneManifest_Generation = YES;
				INFOPLIST_KEY_UIApplicationSupportsIndirectInputEvents = YES;
				INFOPLIST_KEY_UILaunchScreen_Generation = YES;
				INFOPLIST_KEY_UISupportedInterfaceOrientations_iPad = "UIInterfaceOrientationPortrait UIInterfaceOrientationPortraitUpsideDown UIInterfaceOrientationLandscapeLeft UIInterfaceOrientationLandscapeRight";
				INFOPLIST_KEY_UISupportedInterfaceOrientations_iPhone = "UIInterfaceOrientationPortrait UIInterfaceOrientationLandscapeLeft UIInterfaceOrientationLandscapeRight";
				IPHONEOS_DEPLOYMENT_TARGET = 15.0;
				LD_RUNPATH_SEARCH_PATHS = (
					"$(inherited)",
					"@executable_path/Frameworks",
				);
				MARKETING_VERSION = 1.0;
				PRODUCT_BUNDLE_IDENTIFIER = com.HikeApp;
				PRODUCT_NAME = "$(TARGET_NAME)";
				SWIFT_EMIT_LOC_STRINGS = YES;
				SWIFT_VERSION = 5.0;
				TARGETED_DEVICE_FAMILY = "1,2";
			};
			name = Debug;
		};
		B236D26A2C15E6D800E251EB /* Release */ = {
			isa = XCBuildConfiguration;
			buildSettings = {
				ASSETCATALOG_COMPILER_ALTERNATE_APPICON_NAMES = "AppIcon-Camera AppIcon-Mushroom AppIcon-Map AppIcon-MagnifyingGlass AppIcon-Campfire AppIcon-Backpack";
				ASSETCATALOG_COMPILER_APPICON_NAME = AppIcon;
				ASSETCATALOG_COMPILER_GLOBAL_ACCENT_COLOR_NAME = AccentColor;
				ASSETCATALOG_COMPILER_INCLUDE_ALL_APPICON_ASSETS = YES;
				CODE_SIGN_STYLE = Automatic;
				CURRENT_PROJECT_VERSION = 1;
				DEVELOPMENT_ASSET_PATHS = "\"HikeApp/Preview Content\"";
				DEVELOPMENT_TEAM = 68HHC96FZJ;
				ENABLE_PREVIEWS = YES;
				GENERATE_INFOPLIST_FILE = YES;
				INFOPLIST_KEY_UIApplicationSceneManifest_Generation = YES;
				INFOPLIST_KEY_UIApplicationSupportsIndirectInputEvents = YES;
				INFOPLIST_KEY_UILaunchScreen_Generation = YES;
				INFOPLIST_KEY_UISupportedInterfaceOrientations_iPad = "UIInterfaceOrientationPortrait UIInterfaceOrientationPortraitUpsideDown UIInterfaceOrientationLandscapeLeft UIInterfaceOrientationLandscapeRight";
				INFOPLIST_KEY_UISupportedInterfaceOrientations_iPhone = "UIInterfaceOrientationPortrait UIInterfaceOrientationLandscapeLeft UIInterfaceOrientationLandscapeRight";
				IPHONEOS_DEPLOYMENT_TARGET = 15.0;
				LD_RUNPATH_SEARCH_PATHS = (
					"$(inherited)",
					"@executable_path/Frameworks",
				);
				MARKETING_VERSION = 1.0;
				PRODUCT_BUNDLE_IDENTIFIER = com.HikeApp;
				PRODUCT_NAME = "$(TARGET_NAME)";
				SWIFT_EMIT_LOC_STRINGS = YES;
				SWIFT_VERSION = 5.0;
				TARGETED_DEVICE_FAMILY = "1,2";
			};
			name = Release;
		};
/* End XCBuildConfiguration section */

/* Begin XCConfigurationList section */
		B236D2552C15E6D600E251EB /* Build configuration list for PBXProject "HikeApp" */ = {
			isa = XCConfigurationList;
			buildConfigurations = (
				B236D2662C15E6D800E251EB /* Debug */,
				B236D2672C15E6D800E251EB /* Release */,
			);
			defaultConfigurationIsVisible = 0;
			defaultConfigurationName = Release;
		};
		B236D2682C15E6D800E251EB /* Build configuration list for PBXNativeTarget "HikeApp" */ = {
			isa = XCConfigurationList;
			buildConfigurations = (
				B236D2692C15E6D800E251EB /* Debug */,
				B236D26A2C15E6D800E251EB /* Release */,
			);
			defaultConfigurationIsVisible = 0;
			defaultConfigurationName = Release;
		};
/* End XCConfigurationList section */
	};
	rootObject = B236D2522C15E6D600E251EB /* Project object */;
}
